// !$*UTF8*$!
{
	archiveVersion = 1;
	classes = {
	};
	objectVersion = 55;
	objects = {

/* Begin PBXBuildFile section */
		0BC0D6AC272BE047009223C1 /* AppDelegate.swift in Sources */ = {isa = PBXBuildFile; fileRef = 0BC0D6AB272BE047009223C1 /* AppDelegate.swift */; };
		0BC0D6AE272BE047009223C1 /* SceneDelegate.swift in Sources */ = {isa = PBXBuildFile; fileRef = 0BC0D6AD272BE047009223C1 /* SceneDelegate.swift */; };
		0BC0D6B0272BE047009223C1 /* ViewController.swift in Sources */ = {isa = PBXBuildFile; fileRef = 0BC0D6AF272BE047009223C1 /* ViewController.swift */; };
		0BC0D6B3272BE047009223C1 /* Main.storyboard in Resources */ = {isa = PBXBuildFile; fileRef = 0BC0D6B1272BE047009223C1 /* Main.storyboard */; };
		0BC0D6B5272BE049009223C1 /* Assets.xcassets in Resources */ = {isa = PBXBuildFile; fileRef = 0BC0D6B4272BE049009223C1 /* Assets.xcassets */; };
		0BC0D6B8272BE049009223C1 /* LaunchScreen.storyboard in Resources */ = {isa = PBXBuildFile; fileRef = 0BC0D6B6272BE049009223C1 /* LaunchScreen.storyboard */; };
		0BC0D6C0272BE092009223C1 /* LottoViewController.swift in Sources */ = {isa = PBXBuildFile; fileRef = 0BC0D6BF272BE092009223C1 /* LottoViewController.swift */; };
		0BC0D6C3272BE0B2009223C1 /* Alamofire in Frameworks */ = {isa = PBXBuildFile; productRef = 0BC0D6C2272BE0B2009223C1 /* Alamofire */; };
		0BC0D6C6272BE0C5009223C1 /* SwiftyJSON in Frameworks */ = {isa = PBXBuildFile; productRef = 0BC0D6C5272BE0C5009223C1 /* SwiftyJSON */; };
		0BC0D6C8272BED58009223C1 /* LotteryAPIManager.swift in Sources */ = {isa = PBXBuildFile; fileRef = 0BC0D6C7272BED58009223C1 /* LotteryAPIManager.swift */; };
		0BC0D6CA272BF4DF009223C1 /* UILabel+extension.swift in Sources */ = {isa = PBXBuildFile; fileRef = 0BC0D6C9272BF4DF009223C1 /* UILabel+extension.swift */; };
/* End PBXBuildFile section */

/* Begin PBXFileReference section */
		0BC0D6A8272BE047009223C1 /* Lottery.app */ = {isa = PBXFileReference; explicitFileType = wrapper.application; includeInIndex = 0; path = Lottery.app; sourceTree = BUILT_PRODUCTS_DIR; };
		0BC0D6AB272BE047009223C1 /* AppDelegate.swift */ = {isa = PBXFileReference; lastKnownFileType = sourcecode.swift; path = AppDelegate.swift; sourceTree = "<group>"; };
		0BC0D6AD272BE047009223C1 /* SceneDelegate.swift */ = {isa = PBXFileReference; lastKnownFileType = sourcecode.swift; path = SceneDelegate.swift; sourceTree = "<group>"; };
		0BC0D6AF272BE047009223C1 /* ViewController.swift */ = {isa = PBXFileReference; lastKnownFileType = sourcecode.swift; path = ViewController.swift; sourceTree = "<group>"; };
		0BC0D6B2272BE047009223C1 /* Base */ = {isa = PBXFileReference; lastKnownFileType = file.storyboard; name = Base; path = Base.lproj/Main.storyboard; sourceTree = "<group>"; };
		0BC0D6B4272BE049009223C1 /* Assets.xcassets */ = {isa = PBXFileReference; lastKnownFileType = folder.assetcatalog; path = Assets.xcassets; sourceTree = "<group>"; };
		0BC0D6B7272BE049009223C1 /* Base */ = {isa = PBXFileReference; lastKnownFileType = file.storyboard; name = Base; path = Base.lproj/LaunchScreen.storyboard; sourceTree = "<group>"; };
		0BC0D6B9272BE049009223C1 /* Info.plist */ = {isa = PBXFileReference; lastKnownFileType = text.plist.xml; path = Info.plist; sourceTree = "<group>"; };
		0BC0D6BF272BE092009223C1 /* LottoViewController.swift */ = {isa = PBXFileReference; lastKnownFileType = sourcecode.swift; path = LottoViewController.swift; sourceTree = "<group>"; };
		0BC0D6C7272BED58009223C1 /* LotteryAPIManager.swift */ = {isa = PBXFileReference; lastKnownFileType = sourcecode.swift; path = LotteryAPIManager.swift; sourceTree = "<group>"; };
		0BC0D6C9272BF4DF009223C1 /* UILabel+extension.swift */ = {isa = PBXFileReference; lastKnownFileType = sourcecode.swift; path = "UILabel+extension.swift"; sourceTree = "<group>"; };
/* End PBXFileReference section */

/* Begin PBXFrameworksBuildPhase section */
		0BC0D6A5272BE047009223C1 /* Frameworks */ = {
			isa = PBXFrameworksBuildPhase;
			buildActionMask = 2147483647;
			files = (
				0BC0D6C6272BE0C5009223C1 /* SwiftyJSON in Frameworks */,
				0BC0D6C3272BE0B2009223C1 /* Alamofire in Frameworks */,
			);
			runOnlyForDeploymentPostprocessing = 0;
		};
/* End PBXFrameworksBuildPhase section */

/* Begin PBXGroup section */
		0BC0D69F272BE047009223C1 = {
			isa = PBXGroup;
			children = (
				0BC0D6AA272BE047009223C1 /* Lottery */,
				0BC0D6A9272BE047009223C1 /* Products */,
			);
			sourceTree = "<group>";
		};
		0BC0D6A9272BE047009223C1 /* Products */ = {
			isa = PBXGroup;
			children = (
				0BC0D6A8272BE047009223C1 /* Lottery.app */,
			);
			name = Products;
			sourceTree = "<group>";
		};
		0BC0D6AA272BE047009223C1 /* Lottery */ = {
			isa = PBXGroup;
			children = (
				0BC0D6AB272BE047009223C1 /* AppDelegate.swift */,
				0BC0D6BF272BE092009223C1 /* LottoViewController.swift */,
				0BC0D6C9272BF4DF009223C1 /* UILabel+extension.swift */,
				0BC0D6C7272BED58009223C1 /* LotteryAPIManager.swift */,
				0BC0D6AD272BE047009223C1 /* SceneDelegate.swift */,
				0BC0D6AF272BE047009223C1 /* ViewController.swift */,
				0BC0D6B1272BE047009223C1 /* Main.storyboard */,
				0BC0D6B4272BE049009223C1 /* Assets.xcassets */,
				0BC0D6B6272BE049009223C1 /* LaunchScreen.storyboard */,
				0BC0D6B9272BE049009223C1 /* Info.plist */,
			);
			path = Lottery;
			sourceTree = "<group>";
		};
/* End PBXGroup section */

/* Begin PBXNativeTarget section */
		0BC0D6A7272BE047009223C1 /* Lottery */ = {
			isa = PBXNativeTarget;
			buildConfigurationList = 0BC0D6BC272BE049009223C1 /* Build configuration list for PBXNativeTarget "Lottery" */;
			buildPhases = (
				0BC0D6A4272BE047009223C1 /* Sources */,
				0BC0D6A5272BE047009223C1 /* Frameworks */,
				0BC0D6A6272BE047009223C1 /* Resources */,
			);
			buildRules = (
			);
			dependencies = (
			);
			name = Lottery;
			packageProductDependencies = (
				0BC0D6C2272BE0B2009223C1 /* Alamofire */,
				0BC0D6C5272BE0C5009223C1 /* SwiftyJSON */,
			);
			productName = Lottery;
			productReference = 0BC0D6A8272BE047009223C1 /* Lottery.app */;
			productType = "com.apple.product-type.application";
		};
/* End PBXNativeTarget section */

/* Begin PBXProject section */
		0BC0D6A0272BE047009223C1 /* Project object */ = {
			isa = PBXProject;
			attributes = {
				BuildIndependentTargetsInParallel = 1;
				LastSwiftUpdateCheck = 1300;
				LastUpgradeCheck = 1300;
				TargetAttributes = {
					0BC0D6A7272BE047009223C1 = {
						CreatedOnToolsVersion = 13.0;
					};
				};
			};
			buildConfigurationList = 0BC0D6A3272BE047009223C1 /* Build configuration list for PBXProject "Lottery" */;
			compatibilityVersion = "Xcode 13.0";
			developmentRegion = en;
			hasScannedForEncodings = 0;
			knownRegions = (
				en,
				Base,
			);
			mainGroup = 0BC0D69F272BE047009223C1;
			packageReferences = (
				0BC0D6C1272BE0B2009223C1 /* XCRemoteSwiftPackageReference "Alamofire" */,
				0BC0D6C4272BE0C5009223C1 /* XCRemoteSwiftPackageReference "SwiftyJSON" */,
			);
			productRefGroup = 0BC0D6A9272BE047009223C1 /* Products */;
			projectDirPath = "";
			projectRoot = "";
			targets = (
				0BC0D6A7272BE047009223C1 /* Lottery */,
			);
		};
/* End PBXProject section */

/* Begin PBXResourcesBuildPhase section */
		0BC0D6A6272BE047009223C1 /* Resources */ = {
			isa = PBXResourcesBuildPhase;
			buildActionMask = 2147483647;
			files = (
				0BC0D6B8272BE049009223C1 /* LaunchScreen.storyboard in Resources */,
				0BC0D6B5272BE049009223C1 /* Assets.xcassets in Resources */,
				0BC0D6B3272BE047009223C1 /* Main.storyboard in Resources */,
			);
			runOnlyForDeploymentPostprocessing = 0;
		};
/* End PBXResourcesBuildPhase section */

/* Begin PBXSourcesBuildPhase section */
		0BC0D6A4272BE047009223C1 /* Sources */ = {
			isa = PBXSourcesBuildPhase;
			buildActionMask = 2147483647;
			files = (
				0BC0D6B0272BE047009223C1 /* ViewController.swift in Sources */,
				0BC0D6C0272BE092009223C1 /* LottoViewController.swift in Sources */,
				0BC0D6CA272BF4DF009223C1 /* UILabel+extension.swift in Sources */,
				0BC0D6AC272BE047009223C1 /* AppDelegate.swift in Sources */,
				0BC0D6AE272BE047009223C1 /* SceneDelegate.swift in Sources */,
				0BC0D6C8272BED58009223C1 /* LotteryAPIManager.swift in Sources */,
			);
			runOnlyForDeploymentPostprocessing = 0;
		};
/* End PBXSourcesBuildPhase section */

/* Begin PBXVariantGroup section */
		0BC0D6B1272BE047009223C1 /* Main.storyboard */ = {
			isa = PBXVariantGroup;
			children = (
				0BC0D6B2272BE047009223C1 /* Base */,
			);
			name = Main.storyboard;
			sourceTree = "<group>";
		};
		0BC0D6B6272BE049009223C1 /* LaunchScreen.storyboard */ = {
			isa = PBXVariantGroup;
			children = (
				0BC0D6B7272BE049009223C1 /* Base */,
			);
			name = LaunchScreen.storyboard;
			sourceTree = "<group>";
		};
/* End PBXVariantGroup section */

/* Begin XCBuildConfiguration section */
		0BC0D6BA272BE049009223C1 /* Debug */ = {
			isa = XCBuildConfiguration;
			buildSettings = {
				ALWAYS_SEARCH_USER_PATHS = NO;
				CLANG_ANALYZER_NONNULL = YES;
				CLANG_ANALYZER_NUMBER_OBJECT_CONVERSION = YES_AGGRESSIVE;
				CLANG_CXX_LANGUAGE_STANDARD = "gnu++17";
				CLANG_CXX_LIBRARY = "libc++";
				CLANG_ENABLE_MODULES = YES;
				CLANG_ENABLE_OBJC_ARC = YES;
				CLANG_ENABLE_OBJC_WEAK = YES;
				CLANG_WARN_BLOCK_CAPTURE_AUTORELEASING = YES;
				CLANG_WARN_BOOL_CONVERSION = YES;
				CLANG_WARN_COMMA = YES;
				CLANG_WARN_CONSTANT_CONVERSION = YES;
				CLANG_WARN_DEPRECATED_OBJC_IMPLEMENTATIONS = YES;
				CLANG_WARN_DIRECT_OBJC_ISA_USAGE = YES_ERROR;
				CLANG_WARN_DOCUMENTATION_COMMENTS = YES;
				CLANG_WARN_EMPTY_BODY = YES;
				CLANG_WARN_ENUM_CONVERSION = YES;
				CLANG_WARN_INFINITE_RECURSION = YES;
				CLANG_WARN_INT_CONVERSION = YES;
				CLANG_WARN_NON_LITERAL_NULL_CONVERSION = YES;
				CLANG_WARN_OBJC_IMPLICIT_RETAIN_SELF = YES;
				CLANG_WARN_OBJC_LITERAL_CONVERSION = YES;
				CLANG_WARN_OBJC_ROOT_CLASS = YES_ERROR;
				CLANG_WARN_QUOTED_INCLUDE_IN_FRAMEWORK_HEADER = YES;
				CLANG_WARN_RANGE_LOOP_ANALYSIS = YES;
				CLANG_WARN_STRICT_PROTOTYPES = YES;
				CLANG_WARN_SUSPICIOUS_MOVE = YES;
				CLANG_WARN_UNGUARDED_AVAILABILITY = YES_AGGRESSIVE;
				CLANG_WARN_UNREACHABLE_CODE = YES;
				CLANG_WARN__DUPLICATE_METHOD_MATCH = YES;
				COPY_PHASE_STRIP = NO;
				DEBUG_INFORMATION_FORMAT = dwarf;
				ENABLE_STRICT_OBJC_MSGSEND = YES;
				ENABLE_TESTABILITY = YES;
				GCC_C_LANGUAGE_STANDARD = gnu11;
				GCC_DYNAMIC_NO_PIC = NO;
				GCC_NO_COMMON_BLOCKS = YES;
				GCC_OPTIMIZATION_LEVEL = 0;
				GCC_PREPROCESSOR_DEFINITIONS = (
					"DEBUG=1",
					"$(inherited)",
				);
				GCC_WARN_64_TO_32_BIT_CONVERSION = YES;
				GCC_WARN_ABOUT_RETURN_TYPE = YES_ERROR;
				GCC_WARN_UNDECLARED_SELECTOR = YES;
				GCC_WARN_UNINITIALIZED_AUTOS = YES_AGGRESSIVE;
				GCC_WARN_UNUSED_FUNCTION = YES;
				GCC_WARN_UNUSED_VARIABLE = YES;
				IPHONEOS_DEPLOYMENT_TARGET = 15.0;
				MTL_ENABLE_DEBUG_INFO = INCLUDE_SOURCE;
				MTL_FAST_MATH = YES;
				ONLY_ACTIVE_ARCH = YES;
				SDKROOT = iphoneos;
				SWIFT_ACTIVE_COMPILATION_CONDITIONS = DEBUG;
				SWIFT_OPTIMIZATION_LEVEL = "-Onone";
			};
			name = Debug;
		};
		0BC0D6BB272BE049009223C1 /* Release */ = {
			isa = XCBuildConfiguration;
			buildSettings = {
				ALWAYS_SEARCH_USER_PATHS = NO;
				CLANG_ANALYZER_NONNULL = YES;
				CLANG_ANALYZER_NUMBER_OBJECT_CONVERSION = YES_AGGRESSIVE;
				CLANG_CXX_LANGUAGE_STANDARD = "gnu++17";
				CLANG_CXX_LIBRARY = "libc++";
				CLANG_ENABLE_MODULES = YES;
				CLANG_ENABLE_OBJC_ARC = YES;
				CLANG_ENABLE_OBJC_WEAK = YES;
				CLANG_WARN_BLOCK_CAPTURE_AUTORELEASING = YES;
				CLANG_WARN_BOOL_CONVERSION = YES;
				CLANG_WARN_COMMA = YES;
				CLANG_WARN_CONSTANT_CONVERSION = YES;
				CLANG_WARN_DEPRECATED_OBJC_IMPLEMENTATIONS = YES;
				CLANG_WARN_DIRECT_OBJC_ISA_USAGE = YES_ERROR;
				CLANG_WARN_DOCUMENTATION_COMMENTS = YES;
				CLANG_WARN_EMPTY_BODY = YES;
				CLANG_WARN_ENUM_CONVERSION = YES;
				CLANG_WARN_INFINITE_RECURSION = YES;
				CLANG_WARN_INT_CONVERSION = YES;
				CLANG_WARN_NON_LITERAL_NULL_CONVERSION = YES;
				CLANG_WARN_OBJC_IMPLICIT_RETAIN_SELF = YES;
				CLANG_WARN_OBJC_LITERAL_CONVERSION = YES;
				CLANG_WARN_OBJC_ROOT_CLASS = YES_ERROR;
				CLANG_WARN_QUOTED_INCLUDE_IN_FRAMEWORK_HEADER = YES;
				CLANG_WARN_RANGE_LOOP_ANALYSIS = YES;
				CLANG_WARN_STRICT_PROTOTYPES = YES;
				CLANG_WARN_SUSPICIOUS_MOVE = YES;
				CLANG_WARN_UNGUARDED_AVAILABILITY = YES_AGGRESSIVE;
				CLANG_WARN_UNREACHABLE_CODE = YES;
				CLANG_WARN__DUPLICATE_METHOD_MATCH = YES;
				COPY_PHASE_STRIP = NO;
				DEBUG_INFORMATION_FORMAT = "dwarf-with-dsym";
				ENABLE_NS_ASSERTIONS = NO;
				ENABLE_STRICT_OBJC_MSGSEND = YES;
				GCC_C_LANGUAGE_STANDARD = gnu11;
				GCC_NO_COMMON_BLOCKS = YES;
				GCC_WARN_64_TO_32_BIT_CONVERSION = YES;
				GCC_WARN_ABOUT_RETURN_TYPE = YES_ERROR;
				GCC_WARN_UNDECLARED_SELECTOR = YES;
				GCC_WARN_UNINITIALIZED_AUTOS = YES_AGGRESSIVE;
				GCC_WARN_UNUSED_FUNCTION = YES;
				GCC_WARN_UNUSED_VARIABLE = YES;
				IPHONEOS_DEPLOYMENT_TARGET = 15.0;
				MTL_ENABLE_DEBUG_INFO = NO;
				MTL_FAST_MATH = YES;
				SDKROOT = iphoneos;
				SWIFT_COMPILATION_MODE = wholemodule;
				SWIFT_OPTIMIZATION_LEVEL = "-O";
				VALIDATE_PRODUCT = YES;
			};
			name = Release;
		};
		0BC0D6BD272BE049009223C1 /* Debug */ = {
			isa = XCBuildConfiguration;
			buildSettings = {
				ASSETCATALOG_COMPILER_APPICON_NAME = AppIcon;
				ASSETCATALOG_COMPILER_GLOBAL_ACCENT_COLOR_NAME = AccentColor;
				CODE_SIGN_STYLE = Automatic;
				CURRENT_PROJECT_VERSION = 1;
				DEVELOPMENT_TEAM = 2PC84U64N2;
				GENERATE_INFOPLIST_FILE = YES;
				INFOPLIST_FILE = Lottery/Info.plist;
				INFOPLIST_KEY_UIApplicationSupportsIndirectInputEvents = YES;
				INFOPLIST_KEY_UILaunchStoryboardName = LaunchScreen;
				INFOPLIST_KEY_UIMainStoryboardFile = Main;
				INFOPLIST_KEY_UISupportedInterfaceOrientations_iPad = "UIInterfaceOrientationPortrait UIInterfaceOrientationPortraitUpsideDown UIInterfaceOrientationLandscapeLeft UIInterfaceOrientationLandscapeRight";
				INFOPLIST_KEY_UISupportedInterfaceOrientations_iPhone = "UIInterfaceOrientationPortrait UIInterfaceOrientationLandscapeLeft UIInterfaceOrientationLandscapeRight";
				IPHONEOS_DEPLOYMENT_TARGET = 13.2;
				LD_RUNPATH_SEARCH_PATHS = (
					"$(inherited)",
					"@executable_path/Frameworks",
				);
				MARKETING_VERSION = 1.0;
				PRODUCT_BUNDLE_IDENTIFIER = com.shindong.Lottery;
				PRODUCT_NAME = "$(TARGET_NAME)";
				SWIFT_EMIT_LOC_STRINGS = YES;
				SWIFT_VERSION = 5.0;
				TARGETED_DEVICE_FAMILY = 1;
			};
			name = Debug;
		};
		0BC0D6BE272BE049009223C1 /* Release */ = {
			isa = XCBuildConfiguration;
			buildSettings = {
				ASSETCATALOG_COMPILER_APPICON_NAME = AppIcon;
				ASSETCATALOG_COMPILER_GLOBAL_ACCENT_COLOR_NAME = AccentColor;
				CODE_SIGN_STYLE = Automatic;
				CURRENT_PROJECT_VERSION = 1;
				DEVELOPMENT_TEAM = 2PC84U64N2;
				GENERATE_INFOPLIST_FILE = YES;
				INFOPLIST_FILE = Lottery/Info.plist;
				INFOPLIST_KEY_UIApplicationSupportsIndirectInputEvents = YES;
				INFOPLIST_KEY_UILaunchStoryboardName = LaunchScreen;
				INFOPLIST_KEY_UIMainStoryboardFile = Main;
				INFOPLIST_KEY_UISupportedInterfaceOrientations_iPad = "UIInterfaceOrientationPortrait UIInterfaceOrientationPortraitUpsideDown UIInterfaceOrientationLandscapeLeft UIInterfaceOrientationLandscapeRight";
				INFOPLIST_KEY_UISupportedInterfaceOrientations_iPhone = "UIInterfaceOrientationPortrait UIInterfaceOrientationLandscapeLeft UIInterfaceOrientationLandscapeRight";
				IPHONEOS_DEPLOYMENT_TARGET = 13.2;
				LD_RUNPATH_SEARCH_PATHS = (
					"$(inherited)",
					"@executable_path/Frameworks",
				);
				MARKETING_VERSION = 1.0;
				PRODUCT_BUNDLE_IDENTIFIER = com.shindong.Lottery;
				PRODUCT_NAME = "$(TARGET_NAME)";
				SWIFT_EMIT_LOC_STRINGS = YES;
				SWIFT_VERSION = 5.0;
				TARGETED_DEVICE_FAMILY = 1;
			};
			name = Release;
		};
/* End XCBuildConfiguration section */

/* Begin XCConfigurationList section */
		0BC0D6A3272BE047009223C1 /* Build configuration list for PBXProject "Lottery" */ = {
			isa = XCConfigurationList;
			buildConfigurations = (
				0BC0D6BA272BE049009223C1 /* Debug */,
				0BC0D6BB272BE049009223C1 /* Release */,
			);
			defaultConfigurationIsVisible = 0;
			defaultConfigurationName = Release;
		};
		0BC0D6BC272BE049009223C1 /* Build configuration list for PBXNativeTarget "Lottery" */ = {
			isa = XCConfigurationList;
			buildConfigurations = (
				0BC0D6BD272BE049009223C1 /* Debug */,
				0BC0D6BE272BE049009223C1 /* Release */,
			);
			defaultConfigurationIsVisible = 0;
			defaultConfigurationName = Release;
		};
/* End XCConfigurationList section */

/* Begin XCRemoteSwiftPackageReference section */
		0BC0D6C1272BE0B2009223C1 /* XCRemoteSwiftPackageReference "Alamofire" */ = {
			isa = XCRemoteSwiftPackageReference;
			repositoryURL = "https://github.com/Alamofire/Alamofire.git";
			requirement = {
				kind = upToNextMajorVersion;
				minimumVersion = 5.0.0;
			};
		};
		0BC0D6C4272BE0C5009223C1 /* XCRemoteSwiftPackageReference "SwiftyJSON" */ = {
			isa = XCRemoteSwiftPackageReference;
			repositoryURL = "https://github.com/SwiftyJSON/SwiftyJSON.git";
			requirement = {
				kind = exactVersion;
				version = 5.0.0;
			};
		};
/* End XCRemoteSwiftPackageReference section */

/* Begin XCSwiftPackageProductDependency section */
		0BC0D6C2272BE0B2009223C1 /* Alamofire */ = {
			isa = XCSwiftPackageProductDependency;
			package = 0BC0D6C1272BE0B2009223C1 /* XCRemoteSwiftPackageReference "Alamofire" */;
			productName = Alamofire;
		};
		0BC0D6C5272BE0C5009223C1 /* SwiftyJSON */ = {
			isa = XCSwiftPackageProductDependency;
			package = 0BC0D6C4272BE0C5009223C1 /* XCRemoteSwiftPackageReference "SwiftyJSON" */;
			productName = SwiftyJSON;
		};
/* End XCSwiftPackageProductDependency section */
	};
	rootObject = 0BC0D6A0272BE047009223C1 /* Project object */;
}
